
Microsoft Visual Studio Solution File, Format Version 12.00
# Visual Studio Version 17
VisualStudioVersion = 17.0.31912.275
MinimumVisualStudioVersion = 10.0.40219.1
Project("{FAE04EC0-301F-11D3-BF4B-00C04F79EFBC}") = "H05.RateAMovie", "H05.RateAMovie\H05.RateAMovie.csproj", "{92319B1E-BC38-459B-A87A-5281AFE5B3BD}"
EndProject
Project("{FAE04EC0-301F-11D3-BF4B-00C04F79EFBC}") = "H05.RateAMovie.Core", "H05.RateAMovie.Core\H05.RateAMovie.Core.csproj", "{4246BB54-AC48-4F99-ADE3-4A15F7977B07}"
EndProject
Global
	GlobalSection(SolutionConfigurationPlatforms) = preSolution
		Debug|Any CPU = Debug|Any CPU
		Release|Any CPU = Release|Any CPU
	EndGlobalSection
	GlobalSection(ProjectConfigurationPlatforms) = postSolution
		{92319B1E-BC38-459B-A87A-5281AFE5B3BD}.Debug|Any CPU.ActiveCfg = Debug|Any CPU
		{92319B1E-BC38-459B-A87A-5281AFE5B3BD}.Debug|Any CPU.Build.0 = Debug|Any CPU
		{92319B1E-BC38-459B-A87A-5281AFE5B3BD}.Release|Any CPU.ActiveCfg = Release|Any CPU
		{92319B1E-BC38-459B-A87A-5281AFE5B3BD}.Release|Any CPU.Build.0 = Release|Any CPU
		{4246BB54-AC48-4F99-ADE3-4A15F7977B07}.Debug|Any CPU.ActiveCfg = Debug|Any CPU
		{4246BB54-AC48-4F99-ADE3-4A15F7977B07}.Debug|Any CPU.Build.0 = Debug|Any CPU
		{4246BB54-AC48-4F99-ADE3-4A15F7977B07}.Release|Any CPU.ActiveCfg = Release|Any CPU
		{4246BB54-AC48-4F99-ADE3-4A15F7977B07}.Release|Any CPU.Build.0 = Release|Any CPU
	EndGlobalSection
	GlobalSection(SolutionProperties) = preSolution
		HideSolutionNode = FALSE
	EndGlobalSection
	GlobalSection(ExtensibilityGlobals) = postSolution
		SolutionGuid = {E972A9B1-EE35-4D55-8ABB-EFC5D11FE7EA}
	EndGlobalSection
EndGlobal
